
Microsoft Visual Studio Solution File, Format Version 12.00
# Visual Studio Version 17
VisualStudioVersion = 17.10.35013.160
MinimumVisualStudioVersion = 10.0.40219.1
Project("{9A19103F-16F7-4668-BE54-9A1E7A4F7556}") = "ResumePro", "ResumePro\ResumePro.csproj", "{51A0BBAF-9E13-430C-8198-AA16B71433EB}"
EndProject
Project("{9A19103F-16F7-4668-BE54-9A1E7A4F7556}") = "ResumePro.Core", "ResumePro.Core\ResumePro.Core.csproj", "{DA52E149-1989-4D47-B787-B1DDB18C998D}"
EndProject
Project("{9A19103F-16F7-4668-BE54-9A1E7A4F7556}") = "ResumePro.Shared", "ResumePro.Shared\ResumePro.Shared.csproj", "{83B95D57-5AC8-4A9B-959D-0BF367072DFE}"
EndProject
Project("{2150E333-8FDC-42A3-9474-1A3956D46DE8}") = "Application", "Application", "{33782044-9F85-4B1A-8BDC-06240B5E6E1E}"
EndProject
Project("{2150E333-8FDC-42A3-9474-1A3956D46DE8}") = "Library", "Library", "{626A5BB0-B489-45A1-B55E-7BED62930377}"
EndProject
Project("{9A19103F-16F7-4668-BE54-9A1E7A4F7556}") = "ResumePro.Generator", "ResumePro.Generator\ResumePro.Generator.csproj", "{E478B1DE-203C-4397-BD4D-8AC7A69C6F2F}"
EndProject
Project("{9A19103F-16F7-4668-BE54-9A1E7A4F7556}") = "ResumePro.Api", "ResumePro.Api\ResumePro.Api.csproj", "{119A001B-33D0-4B30-BB35-3A33234B9A80}"
EndProject
Project("{2150E333-8FDC-42A3-9474-1A3956D46DE8}") = "Assets", "Assets", "{6A226444-033E-40A1-AC0C-FBE977C548FA}"
	ProjectSection(SolutionItems) = preProject
		Rod Johnson-Enterprise Application Architect.pdf = Rod Johnson-Enterprise Application Architect.pdf
	EndProjectSection
EndProject
Project("{2150E333-8FDC-42A3-9474-1A3956D46DE8}") = "Solution Items", "Solution Items", "{25F1D5B8-D902-4530-8F0C-CCE6CE6A2BBB}"
	ProjectSection(SolutionItems) = preProject
		misc.txt = misc.txt
		README.md = README.md
	EndProjectSection
EndProject
Project("{2150E333-8FDC-42A3-9474-1A3956D46DE8}") = "Apis", "Apis", "{7D771D3C-A5FD-420C-825A-E5497F6D5876}"
EndProject
Project("{2150E333-8FDC-42A3-9474-1A3956D46DE8}") = "Testing", "Testing", "{7CFDE943-F105-47D5-A466-69CFBEB6091D}"
EndProject
Project("{9A19103F-16F7-4668-BE54-9A1E7A4F7556}") = "ResumePro.Api.Testing", "ResumePro.Api.Testing\ResumePro.Api.Testing.csproj", "{0EC4A30A-ACFA-43F9-B5CB-4BC12966D863}"
EndProject
Project("{9A19103F-16F7-4668-BE54-9A1E7A4F7556}") = "ResumePro.Testing", "ResumePro.Testing\ResumePro.Testing.csproj", "{C44F3217-47ED-4B8F-BD12-2AA9F2F668DA}"
EndProject
Project("{9A19103F-16F7-4668-BE54-9A1E7A4F7556}") = "ResumePro.OpenAI.Api", "ResumePro.OpenAI.API\ResumePro.OpenAI.Api.csproj", "{BCB48874-E9B1-49D8-9576-0626A1C5FE44}"
EndProject
Project("{FAE04EC0-301F-11D3-BF4B-00C04F79EFBC}") = "ResumePro.Domain", "ResumePro.Domain\ResumePro.Domain.csproj", "{4AC34032-D4C5-4A60-A977-0403B892BB24}"
EndProject
Project("{FAE04EC0-301F-11D3-BF4B-00C04F79EFBC}") = "ResumePro.Data", "ResumePro.Data\ResumePro.Data.csproj", "{2FDA04A0-5A7B-4A07-965C-8B5F14318DB8}"
EndProject
Project("{FAE04EC0-301F-11D3-BF4B-00C04F79EFBC}") = "ResumePro.Infrastructure.SqlServer", "ResumePro.Infrastructure.SqlServer\ResumePro.Infrastructure.SqlServer.csproj", "{3902C2AE-E98D-481B-92C9-7BD976421033}"
EndProject
Project("{FAE04EC0-301F-11D3-BF4B-00C04F79EFBC}") = "ResumePro.Infrastructure.SqlLite", "ResumePro.Infrastructure.SqlLite\ResumePro.Infrastructure.SqlLite.csproj", "{603BFC56-B25A-46C1-A900-C0AF47B3234C}"
EndProject
Project("{FAE04EC0-301F-11D3-BF4B-00C04F79EFBC}") = "ResumePro.Services", "ResumePro.Services\ResumePro.Services.csproj", "{0368A1F7-D853-497F-93CA-3BD224C924E0}"
EndProject
Global
	GlobalSection(SolutionConfigurationPlatforms) = preSolution
		Debug|Any CPU = Debug|Any CPU
		Release|Any CPU = Release|Any CPU
	EndGlobalSection
	GlobalSection(ProjectConfigurationPlatforms) = postSolution
		{51A0BBAF-9E13-430C-8198-AA16B71433EB}.Debug|Any CPU.ActiveCfg = Debug|Any CPU
		{51A0BBAF-9E13-430C-8198-AA16B71433EB}.Debug|Any CPU.Build.0 = Debug|Any CPU
		{51A0BBAF-9E13-430C-8198-AA16B71433EB}.Release|Any CPU.ActiveCfg = Release|Any CPU
		{51A0BBAF-9E13-430C-8198-AA16B71433EB}.Release|Any CPU.Build.0 = Release|Any CPU
		{DA52E149-1989-4D47-B787-B1DDB18C998D}.Debug|Any CPU.ActiveCfg = Debug|Any CPU
		{DA52E149-1989-4D47-B787-B1DDB18C998D}.Debug|Any CPU.Build.0 = Debug|Any CPU
		{DA52E149-1989-4D47-B787-B1DDB18C998D}.Release|Any CPU.ActiveCfg = Release|Any CPU
		{DA52E149-1989-4D47-B787-B1DDB18C998D}.Release|Any CPU.Build.0 = Release|Any CPU
		{83B95D57-5AC8-4A9B-959D-0BF367072DFE}.Debug|Any CPU.ActiveCfg = Debug|Any CPU
		{83B95D57-5AC8-4A9B-959D-0BF367072DFE}.Debug|Any CPU.Build.0 = Debug|Any CPU
		{83B95D57-5AC8-4A9B-959D-0BF367072DFE}.Release|Any CPU.ActiveCfg = Release|Any CPU
		{83B95D57-5AC8-4A9B-959D-0BF367072DFE}.Release|Any CPU.Build.0 = Release|Any CPU
		{E478B1DE-203C-4397-BD4D-8AC7A69C6F2F}.Debug|Any CPU.ActiveCfg = Debug|Any CPU
		{E478B1DE-203C-4397-BD4D-8AC7A69C6F2F}.Debug|Any CPU.Build.0 = Debug|Any CPU
		{E478B1DE-203C-4397-BD4D-8AC7A69C6F2F}.Release|Any CPU.ActiveCfg = Release|Any CPU
		{E478B1DE-203C-4397-BD4D-8AC7A69C6F2F}.Release|Any CPU.Build.0 = Release|Any CPU
		{119A001B-33D0-4B30-BB35-3A33234B9A80}.Debug|Any CPU.ActiveCfg = Debug|Any CPU
		{119A001B-33D0-4B30-BB35-3A33234B9A80}.Debug|Any CPU.Build.0 = Debug|Any CPU
		{119A001B-33D0-4B30-BB35-3A33234B9A80}.Release|Any CPU.ActiveCfg = Release|Any CPU
		{119A001B-33D0-4B30-BB35-3A33234B9A80}.Release|Any CPU.Build.0 = Release|Any CPU
		{0EC4A30A-ACFA-43F9-B5CB-4BC12966D863}.Debug|Any CPU.ActiveCfg = Debug|Any CPU
		{0EC4A30A-ACFA-43F9-B5CB-4BC12966D863}.Debug|Any CPU.Build.0 = Debug|Any CPU
		{0EC4A30A-ACFA-43F9-B5CB-4BC12966D863}.Release|Any CPU.ActiveCfg = Release|Any CPU
		{0EC4A30A-ACFA-43F9-B5CB-4BC12966D863}.Release|Any CPU.Build.0 = Release|Any CPU
		{C44F3217-47ED-4B8F-BD12-2AA9F2F668DA}.Debug|Any CPU.ActiveCfg = Debug|Any CPU
		{C44F3217-47ED-4B8F-BD12-2AA9F2F668DA}.Debug|Any CPU.Build.0 = Debug|Any CPU
		{C44F3217-47ED-4B8F-BD12-2AA9F2F668DA}.Release|Any CPU.ActiveCfg = Release|Any CPU
		{C44F3217-47ED-4B8F-BD12-2AA9F2F668DA}.Release|Any CPU.Build.0 = Release|Any CPU
		{BCB48874-E9B1-49D8-9576-0626A1C5FE44}.Debug|Any CPU.ActiveCfg = Debug|Any CPU
		{BCB48874-E9B1-49D8-9576-0626A1C5FE44}.Debug|Any CPU.Build.0 = Debug|Any CPU
		{BCB48874-E9B1-49D8-9576-0626A1C5FE44}.Release|Any CPU.ActiveCfg = Release|Any CPU
		{BCB48874-E9B1-49D8-9576-0626A1C5FE44}.Release|Any CPU.Build.0 = Release|Any CPU
		{4AC34032-D4C5-4A60-A977-0403B892BB24}.Debug|Any CPU.ActiveCfg = Debug|Any CPU
		{4AC34032-D4C5-4A60-A977-0403B892BB24}.Debug|Any CPU.Build.0 = Debug|Any CPU
		{4AC34032-D4C5-4A60-A977-0403B892BB24}.Release|Any CPU.ActiveCfg = Release|Any CPU
		{4AC34032-D4C5-4A60-A977-0403B892BB24}.Release|Any CPU.Build.0 = Release|Any CPU
		{2FDA04A0-5A7B-4A07-965C-8B5F14318DB8}.Debug|Any CPU.ActiveCfg = Debug|Any CPU
		{2FDA04A0-5A7B-4A07-965C-8B5F14318DB8}.Debug|Any CPU.Build.0 = Debug|Any CPU
		{2FDA04A0-5A7B-4A07-965C-8B5F14318DB8}.Release|Any CPU.ActiveCfg = Release|Any CPU
		{2FDA04A0-5A7B-4A07-965C-8B5F14318DB8}.Release|Any CPU.Build.0 = Release|Any CPU
		{3902C2AE-E98D-481B-92C9-7BD976421033}.Debug|Any CPU.ActiveCfg = Debug|Any CPU
		{3902C2AE-E98D-481B-92C9-7BD976421033}.Debug|Any CPU.Build.0 = Debug|Any CPU
		{3902C2AE-E98D-481B-92C9-7BD976421033}.Release|Any CPU.ActiveCfg = Release|Any CPU
		{3902C2AE-E98D-481B-92C9-7BD976421033}.Release|Any CPU.Build.0 = Release|Any CPU
		{603BFC56-B25A-46C1-A900-C0AF47B3234C}.Debug|Any CPU.ActiveCfg = Debug|Any CPU
		{603BFC56-B25A-46C1-A900-C0AF47B3234C}.Debug|Any CPU.Build.0 = Debug|Any CPU
		{603BFC56-B25A-46C1-A900-C0AF47B3234C}.Release|Any CPU.ActiveCfg = Release|Any CPU
		{603BFC56-B25A-46C1-A900-C0AF47B3234C}.Release|Any CPU.Build.0 = Release|Any CPU
		{0368A1F7-D853-497F-93CA-3BD224C924E0}.Debug|Any CPU.ActiveCfg = Debug|Any CPU
		{0368A1F7-D853-497F-93CA-3BD224C924E0}.Debug|Any CPU.Build.0 = Debug|Any CPU
		{0368A1F7-D853-497F-93CA-3BD224C924E0}.Release|Any CPU.ActiveCfg = Release|Any CPU
		{0368A1F7-D853-497F-93CA-3BD224C924E0}.Release|Any CPU.Build.0 = Release|Any CPU
	EndGlobalSection
	GlobalSection(SolutionProperties) = preSolution
		HideSolutionNode = FALSE
	EndGlobalSection
	GlobalSection(NestedProjects) = preSolution
		{51A0BBAF-9E13-430C-8198-AA16B71433EB} = {626A5BB0-B489-45A1-B55E-7BED62930377}
		{DA52E149-1989-4D47-B787-B1DDB18C998D} = {626A5BB0-B489-45A1-B55E-7BED62930377}
		{83B95D57-5AC8-4A9B-959D-0BF367072DFE} = {626A5BB0-B489-45A1-B55E-7BED62930377}
		{E478B1DE-203C-4397-BD4D-8AC7A69C6F2F} = {33782044-9F85-4B1A-8BDC-06240B5E6E1E}
		{119A001B-33D0-4B30-BB35-3A33234B9A80} = {7D771D3C-A5FD-420C-825A-E5497F6D5876}
		{0EC4A30A-ACFA-43F9-B5CB-4BC12966D863} = {7CFDE943-F105-47D5-A466-69CFBEB6091D}
		{C44F3217-47ED-4B8F-BD12-2AA9F2F668DA} = {7CFDE943-F105-47D5-A466-69CFBEB6091D}
		{BCB48874-E9B1-49D8-9576-0626A1C5FE44} = {7D771D3C-A5FD-420C-825A-E5497F6D5876}
		{4AC34032-D4C5-4A60-A977-0403B892BB24} = {626A5BB0-B489-45A1-B55E-7BED62930377}
		{2FDA04A0-5A7B-4A07-965C-8B5F14318DB8} = {626A5BB0-B489-45A1-B55E-7BED62930377}
		{3902C2AE-E98D-481B-92C9-7BD976421033} = {626A5BB0-B489-45A1-B55E-7BED62930377}
		{603BFC56-B25A-46C1-A900-C0AF47B3234C} = {626A5BB0-B489-45A1-B55E-7BED62930377}
		{0368A1F7-D853-497F-93CA-3BD224C924E0} = {626A5BB0-B489-45A1-B55E-7BED62930377}
	EndGlobalSection
	GlobalSection(ExtensibilityGlobals) = postSolution
		SolutionGuid = {5EFF1137-0E11-4AC8-B099-BDE1C80E25FC}
	EndGlobalSection
EndGlobal
