
Microsoft Visual Studio Solution File, Format Version 12.00
# Visual Studio Version 17
VisualStudioVersion = 17.10.35013.160
MinimumVisualStudioVersion = 10.0.40219.1
Project("{9A19103F-16F7-4668-BE54-9A1E7A4F7556}") = "ResumePro", "ResumePro\ResumePro.csproj", "{51A0BBAF-9E13-430C-8198-AA16B71433EB}"
EndProject
Project("{9A19103F-16F7-4668-BE54-9A1E7A4F7556}") = "ResumePro.Core", "ResumePro.Core\ResumePro.Core.csproj", "{DA52E149-1989-4D47-B787-B1DDB18C998D}"
EndProject
Project("{9A19103F-16F7-4668-BE54-9A1E7A4F7556}") = "ResumePro.Shared", "ResumePro.Shared\ResumePro.Shared.csproj", "{83B95D57-5AC8-4A9B-959D-0BF367072DFE}"
EndProject
Project("{2150E333-8FDC-42A3-9474-1A3956D46DE8}") = "Application", "Application", "{33782044-9F85-4B1A-8BDC-06240B5E6E1E}"
EndProject
Project("{2150E333-8FDC-42A3-9474-1A3956D46DE8}") = "Library", "Library", "{626A5BB0-B489-45A1-B55E-7BED62930377}"
EndProject
Project("{9A19103F-16F7-4668-BE54-9A1E7A4F7556}") = "ResumePro.Generator", "ResumePro.Generator\ResumePro.Generator.csproj", "{E478B1DE-203C-4397-BD4D-8AC7A69C6F2F}"
EndProject
Project("{9A19103F-16F7-4668-BE54-9A1E7A4F7556}") = "ResumePro.Api", "ResumePro.Api\ResumePro.Api.csproj", "{119A001B-33D0-4B30-BB35-3A33234B9A80}"
EndProject
Project("{9A19103F-16F7-4668-BE54-9A1E7A4F7556}") = "ResumePro.Users", "ResumePro.Users\ResumePro.Users.csproj", "{68671A9F-1F58-41C5-A81F-0CC4E655A0BA}"
EndProject
Project("{9A19103F-16F7-4668-BE54-9A1E7A4F7556}") = "ResumePro.IdentityServer", "ResumePro.IdentityServer\ResumePro.IdentityServer.csproj", "{8A8A9441-2973-4BD2-8F0B-A599F1C29501}"
EndProject
Project("{2150E333-8FDC-42A3-9474-1A3956D46DE8}") = "Assets", "Assets", "{6A226444-033E-40A1-AC0C-FBE977C548FA}"
	ProjectSection(SolutionItems) = preProject
		Rod Johnson-Enterprise Application Architect.pdf = Rod Johnson-Enterprise Application Architect.pdf
	EndProjectSection
EndProject
Project("{2150E333-8FDC-42A3-9474-1A3956D46DE8}") = "Solution Items", "Solution Items", "{25F1D5B8-D902-4530-8F0C-CCE6CE6A2BBB}"
	ProjectSection(SolutionItems) = preProject
		misc.txt = misc.txt
		README.md = README.md
	EndProjectSection
EndProject
Project("{9A19103F-16F7-4668-BE54-9A1E7A4F7556}") = "ResumePro.Users.Api", "ResumePro.Users.Api\ResumePro.Users.Api.csproj", "{9A256AE0-8972-4E22-A93A-756DE8DB7C22}"
EndProject
Project("{2150E333-8FDC-42A3-9474-1A3956D46DE8}") = "Apis", "Apis", "{7D771D3C-A5FD-420C-825A-E5497F6D5876}"
EndProject
Project("{2150E333-8FDC-42A3-9474-1A3956D46DE8}") = "Testing", "Testing", "{7CFDE943-F105-47D5-A466-69CFBEB6091D}"
EndProject
Project("{9A19103F-16F7-4668-BE54-9A1E7A4F7556}") = "ResumePro.Api.Testing", "ResumePro.Api.Testing\ResumePro.Api.Testing.csproj", "{0EC4A30A-ACFA-43F9-B5CB-4BC12966D863}"
EndProject
Project("{9A19103F-16F7-4668-BE54-9A1E7A4F7556}") = "ResumePro.Testing", "ResumePro.Testing\ResumePro.Testing.csproj", "{C44F3217-47ED-4B8F-BD12-2AA9F2F668DA}"
EndProject
Project("{9A19103F-16F7-4668-BE54-9A1E7A4F7556}") = "ResumePro.OpenAI.Api", "ResumePro.OpenAI.API\ResumePro.OpenAI.Api.csproj", "{BCB48874-E9B1-49D8-9576-0626A1C5FE44}"
EndProject
Project("{9A19103F-16F7-4668-BE54-9A1E7A4F7556}") = "ResumePro.AI", "ResumePro.AI\ResumePro.AI.csproj", "{186F1EA3-57F9-406A-A894-A0595BC3648D}"
EndProject
Project("{9A19103F-16F7-4668-BE54-9A1E7A4F7556}") = "ResumePro.App", "ResumePro.App\ResumePro.App.csproj", "{3E751DB0-414A-412F-82D6-3D497518F8FC}"
EndProject
Project("{FAE04EC0-301F-11D3-BF4B-00C04F79EFBC}") = "ResumeBuilder.Api", "ResumeBuilder.Api\ResumeBuilder.Api.csproj", "{3E8A7771-1C38-401B-8192-DF88B80B3AF9}"
EndProject
Project("{FAE04EC0-301F-11D3-BF4B-00C04F79EFBC}") = "ResumePro.Blazor", "ResumePro.Blazor\ResumePro.Blazor.csproj", "{E0B1584C-5B2D-4FC7-9004-2E68648D5EF6}"
EndProject
Project("{FAE04EC0-301F-11D3-BF4B-00C04F79EFBC}") = "ResumeBuilder.App", "ResumeBuilder.App\ResumeBuilder.App\ResumeBuilder.App.csproj", "{56BBA8E1-55C1-42D0-99AE-018A7B8CE17B}"
EndProject
Global
	GlobalSection(SolutionConfigurationPlatforms) = preSolution
		Debug|Any CPU = Debug|Any CPU
		Release|Any CPU = Release|Any CPU
	EndGlobalSection
	GlobalSection(ProjectConfigurationPlatforms) = postSolution
		{51A0BBAF-9E13-430C-8198-AA16B71433EB}.Debug|Any CPU.ActiveCfg = Debug|Any CPU
		{51A0BBAF-9E13-430C-8198-AA16B71433EB}.Debug|Any CPU.Build.0 = Debug|Any CPU
		{51A0BBAF-9E13-430C-8198-AA16B71433EB}.Release|Any CPU.ActiveCfg = Release|Any CPU
		{51A0BBAF-9E13-430C-8198-AA16B71433EB}.Release|Any CPU.Build.0 = Release|Any CPU
		{DA52E149-1989-4D47-B787-B1DDB18C998D}.Debug|Any CPU.ActiveCfg = Debug|Any CPU
		{DA52E149-1989-4D47-B787-B1DDB18C998D}.Debug|Any CPU.Build.0 = Debug|Any CPU
		{DA52E149-1989-4D47-B787-B1DDB18C998D}.Release|Any CPU.ActiveCfg = Release|Any CPU
		{DA52E149-1989-4D47-B787-B1DDB18C998D}.Release|Any CPU.Build.0 = Release|Any CPU
		{83B95D57-5AC8-4A9B-959D-0BF367072DFE}.Debug|Any CPU.ActiveCfg = Debug|Any CPU
		{83B95D57-5AC8-4A9B-959D-0BF367072DFE}.Debug|Any CPU.Build.0 = Debug|Any CPU
		{83B95D57-5AC8-4A9B-959D-0BF367072DFE}.Release|Any CPU.ActiveCfg = Release|Any CPU
		{83B95D57-5AC8-4A9B-959D-0BF367072DFE}.Release|Any CPU.Build.0 = Release|Any CPU
		{E478B1DE-203C-4397-BD4D-8AC7A69C6F2F}.Debug|Any CPU.ActiveCfg = Debug|Any CPU
		{E478B1DE-203C-4397-BD4D-8AC7A69C6F2F}.Debug|Any CPU.Build.0 = Debug|Any CPU
		{E478B1DE-203C-4397-BD4D-8AC7A69C6F2F}.Release|Any CPU.ActiveCfg = Release|Any CPU
		{E478B1DE-203C-4397-BD4D-8AC7A69C6F2F}.Release|Any CPU.Build.0 = Release|Any CPU
		{119A001B-33D0-4B30-BB35-3A33234B9A80}.Debug|Any CPU.ActiveCfg = Debug|Any CPU
		{119A001B-33D0-4B30-BB35-3A33234B9A80}.Debug|Any CPU.Build.0 = Debug|Any CPU
		{119A001B-33D0-4B30-BB35-3A33234B9A80}.Release|Any CPU.ActiveCfg = Release|Any CPU
		{119A001B-33D0-4B30-BB35-3A33234B9A80}.Release|Any CPU.Build.0 = Release|Any CPU
		{68671A9F-1F58-41C5-A81F-0CC4E655A0BA}.Debug|Any CPU.ActiveCfg = Debug|Any CPU
		{68671A9F-1F58-41C5-A81F-0CC4E655A0BA}.Debug|Any CPU.Build.0 = Debug|Any CPU
		{68671A9F-1F58-41C5-A81F-0CC4E655A0BA}.Release|Any CPU.ActiveCfg = Release|Any CPU
		{68671A9F-1F58-41C5-A81F-0CC4E655A0BA}.Release|Any CPU.Build.0 = Release|Any CPU
		{8A8A9441-2973-4BD2-8F0B-A599F1C29501}.Debug|Any CPU.ActiveCfg = Debug|Any CPU
		{8A8A9441-2973-4BD2-8F0B-A599F1C29501}.Debug|Any CPU.Build.0 = Debug|Any CPU
		{8A8A9441-2973-4BD2-8F0B-A599F1C29501}.Release|Any CPU.ActiveCfg = Release|Any CPU
		{8A8A9441-2973-4BD2-8F0B-A599F1C29501}.Release|Any CPU.Build.0 = Release|Any CPU
		{9A256AE0-8972-4E22-A93A-756DE8DB7C22}.Debug|Any CPU.ActiveCfg = Debug|Any CPU
		{9A256AE0-8972-4E22-A93A-756DE8DB7C22}.Debug|Any CPU.Build.0 = Debug|Any CPU
		{9A256AE0-8972-4E22-A93A-756DE8DB7C22}.Release|Any CPU.ActiveCfg = Release|Any CPU
		{9A256AE0-8972-4E22-A93A-756DE8DB7C22}.Release|Any CPU.Build.0 = Release|Any CPU
		{0EC4A30A-ACFA-43F9-B5CB-4BC12966D863}.Debug|Any CPU.ActiveCfg = Debug|Any CPU
		{0EC4A30A-ACFA-43F9-B5CB-4BC12966D863}.Debug|Any CPU.Build.0 = Debug|Any CPU
		{0EC4A30A-ACFA-43F9-B5CB-4BC12966D863}.Release|Any CPU.ActiveCfg = Release|Any CPU
		{0EC4A30A-ACFA-43F9-B5CB-4BC12966D863}.Release|Any CPU.Build.0 = Release|Any CPU
		{C44F3217-47ED-4B8F-BD12-2AA9F2F668DA}.Debug|Any CPU.ActiveCfg = Debug|Any CPU
		{C44F3217-47ED-4B8F-BD12-2AA9F2F668DA}.Debug|Any CPU.Build.0 = Debug|Any CPU
		{C44F3217-47ED-4B8F-BD12-2AA9F2F668DA}.Release|Any CPU.ActiveCfg = Release|Any CPU
		{C44F3217-47ED-4B8F-BD12-2AA9F2F668DA}.Release|Any CPU.Build.0 = Release|Any CPU
		{BCB48874-E9B1-49D8-9576-0626A1C5FE44}.Debug|Any CPU.ActiveCfg = Debug|Any CPU
		{BCB48874-E9B1-49D8-9576-0626A1C5FE44}.Debug|Any CPU.Build.0 = Debug|Any CPU
		{BCB48874-E9B1-49D8-9576-0626A1C5FE44}.Release|Any CPU.ActiveCfg = Release|Any CPU
		{BCB48874-E9B1-49D8-9576-0626A1C5FE44}.Release|Any CPU.Build.0 = Release|Any CPU
		{186F1EA3-57F9-406A-A894-A0595BC3648D}.Debug|Any CPU.ActiveCfg = Debug|Any CPU
		{186F1EA3-57F9-406A-A894-A0595BC3648D}.Debug|Any CPU.Build.0 = Debug|Any CPU
		{186F1EA3-57F9-406A-A894-A0595BC3648D}.Release|Any CPU.ActiveCfg = Release|Any CPU
		{186F1EA3-57F9-406A-A894-A0595BC3648D}.Release|Any CPU.Build.0 = Release|Any CPU
		{3E751DB0-414A-412F-82D6-3D497518F8FC}.Debug|Any CPU.ActiveCfg = Debug|Any CPU
		{3E751DB0-414A-412F-82D6-3D497518F8FC}.Debug|Any CPU.Build.0 = Debug|Any CPU
		{3E751DB0-414A-412F-82D6-3D497518F8FC}.Release|Any CPU.ActiveCfg = Release|Any CPU
		{3E751DB0-414A-412F-82D6-3D497518F8FC}.Release|Any CPU.Build.0 = Release|Any CPU
		{3E8A7771-1C38-401B-8192-DF88B80B3AF9}.Debug|Any CPU.ActiveCfg = Debug|Any CPU
		{3E8A7771-1C38-401B-8192-DF88B80B3AF9}.Debug|Any CPU.Build.0 = Debug|Any CPU
		{3E8A7771-1C38-401B-8192-DF88B80B3AF9}.Release|Any CPU.ActiveCfg = Release|Any CPU
		{3E8A7771-1C38-401B-8192-DF88B80B3AF9}.Release|Any CPU.Build.0 = Release|Any CPU
		{E0B1584C-5B2D-4FC7-9004-2E68648D5EF6}.Debug|Any CPU.ActiveCfg = Debug|Any CPU
		{E0B1584C-5B2D-4FC7-9004-2E68648D5EF6}.Debug|Any CPU.Build.0 = Debug|Any CPU
		{E0B1584C-5B2D-4FC7-9004-2E68648D5EF6}.Release|Any CPU.ActiveCfg = Release|Any CPU
		{E0B1584C-5B2D-4FC7-9004-2E68648D5EF6}.Release|Any CPU.Build.0 = Release|Any CPU
		{56BBA8E1-55C1-42D0-99AE-018A7B8CE17B}.Debug|Any CPU.ActiveCfg = Debug|Any CPU
		{56BBA8E1-55C1-42D0-99AE-018A7B8CE17B}.Debug|Any CPU.Build.0 = Debug|Any CPU
		{56BBA8E1-55C1-42D0-99AE-018A7B8CE17B}.Release|Any CPU.ActiveCfg = Release|Any CPU
		{56BBA8E1-55C1-42D0-99AE-018A7B8CE17B}.Release|Any CPU.Build.0 = Release|Any CPU
	EndGlobalSection
	GlobalSection(SolutionProperties) = preSolution
		HideSolutionNode = FALSE
	EndGlobalSection
	GlobalSection(NestedProjects) = preSolution
		{51A0BBAF-9E13-430C-8198-AA16B71433EB} = {626A5BB0-B489-45A1-B55E-7BED62930377}
		{DA52E149-1989-4D47-B787-B1DDB18C998D} = {626A5BB0-B489-45A1-B55E-7BED62930377}
		{83B95D57-5AC8-4A9B-959D-0BF367072DFE} = {626A5BB0-B489-45A1-B55E-7BED62930377}
		{E478B1DE-203C-4397-BD4D-8AC7A69C6F2F} = {33782044-9F85-4B1A-8BDC-06240B5E6E1E}
		{119A001B-33D0-4B30-BB35-3A33234B9A80} = {7D771D3C-A5FD-420C-825A-E5497F6D5876}
		{68671A9F-1F58-41C5-A81F-0CC4E655A0BA} = {626A5BB0-B489-45A1-B55E-7BED62930377}
		{8A8A9441-2973-4BD2-8F0B-A599F1C29501} = {33782044-9F85-4B1A-8BDC-06240B5E6E1E}
		{9A256AE0-8972-4E22-A93A-756DE8DB7C22} = {7D771D3C-A5FD-420C-825A-E5497F6D5876}
		{0EC4A30A-ACFA-43F9-B5CB-4BC12966D863} = {7CFDE943-F105-47D5-A466-69CFBEB6091D}
		{C44F3217-47ED-4B8F-BD12-2AA9F2F668DA} = {7CFDE943-F105-47D5-A466-69CFBEB6091D}
		{BCB48874-E9B1-49D8-9576-0626A1C5FE44} = {7D771D3C-A5FD-420C-825A-E5497F6D5876}
		{186F1EA3-57F9-406A-A894-A0595BC3648D} = {626A5BB0-B489-45A1-B55E-7BED62930377}
		{3E751DB0-414A-412F-82D6-3D497518F8FC} = {33782044-9F85-4B1A-8BDC-06240B5E6E1E}
		{3E8A7771-1C38-401B-8192-DF88B80B3AF9} = {7D771D3C-A5FD-420C-825A-E5497F6D5876}
		{E0B1584C-5B2D-4FC7-9004-2E68648D5EF6} = {33782044-9F85-4B1A-8BDC-06240B5E6E1E}
		{56BBA8E1-55C1-42D0-99AE-018A7B8CE17B} = {33782044-9F85-4B1A-8BDC-06240B5E6E1E}
	EndGlobalSection
	GlobalSection(ExtensibilityGlobals) = postSolution
		SolutionGuid = {5EFF1137-0E11-4AC8-B099-BDE1C80E25FC}
	EndGlobalSection
EndGlobal
