
Microsoft Visual Studio Solution File, Format Version 12.00
# Visual Studio Version 17
VisualStudioVersion = 17.12.35527.113
MinimumVisualStudioVersion = 10.0.40219.1
Project("{FAE04EC0-301F-11D3-BF4B-00C04F79EFBC}") = "ResumePro.Shared", "ResumePro.Shared\ResumePro.Shared.csproj", "{36D0292F-BAA3-489E-9CB8-9D3E48F5D3F6}"
EndProject
Project("{FAE04EC0-301F-11D3-BF4B-00C04F79EFBC}") = "ResumePro.Domain", "ResumePro.Domain\ResumePro.Domain.csproj", "{2304343A-3D5B-4DB9-9B79-D8538499B802}"
EndProject
Project("{FAE04EC0-301F-11D3-BF4B-00C04F79EFBC}") = "ResumePro.Data", "ResumePro.Data\ResumePro.Data.csproj", "{0C511AA1-CF22-4095-9A67-59FB0B8F5CAD}"
EndProject
Project("{FAE04EC0-301F-11D3-BF4B-00C04F79EFBC}") = "ResumePro.Api", "ResumePro.Api\ResumePro.Api.csproj", "{B66F6957-6C80-4FFE-93F1-6E7F882EFC3B}"
EndProject
Project("{FAE04EC0-301F-11D3-BF4B-00C04F79EFBC}") = "ResumePro.IntegrationTests", "ResumePro.IntegrationTests\ResumePro.IntegrationTests.csproj", "{E13252D1-B2AE-4AC6-99AD-CFD1456C6616}"
EndProject
Project("{FAE04EC0-301F-11D3-BF4B-00C04F79EFBC}") = "ResumePro.Infrastructure.SqlServer", "ResumePro.Infrastructure.SqlServer\ResumePro.Infrastructure.SqlServer.csproj", "{5D902039-86FE-45D9-B2B0-ACF5E6F90656}"
EndProject
Global
	GlobalSection(SolutionConfigurationPlatforms) = preSolution
		Debug|Any CPU = Debug|Any CPU
		Release|Any CPU = Release|Any CPU
	EndGlobalSection
	GlobalSection(ProjectConfigurationPlatforms) = postSolution
		{36D0292F-BAA3-489E-9CB8-9D3E48F5D3F6}.Debug|Any CPU.ActiveCfg = Debug|Any CPU
		{36D0292F-BAA3-489E-9CB8-9D3E48F5D3F6}.Debug|Any CPU.Build.0 = Debug|Any CPU
		{36D0292F-BAA3-489E-9CB8-9D3E48F5D3F6}.Release|Any CPU.ActiveCfg = Release|Any CPU
		{36D0292F-BAA3-489E-9CB8-9D3E48F5D3F6}.Release|Any CPU.Build.0 = Release|Any CPU
		{2304343A-3D5B-4DB9-9B79-D8538499B802}.Debug|Any CPU.ActiveCfg = Debug|Any CPU
		{2304343A-3D5B-4DB9-9B79-D8538499B802}.Debug|Any CPU.Build.0 = Debug|Any CPU
		{2304343A-3D5B-4DB9-9B79-D8538499B802}.Release|Any CPU.ActiveCfg = Release|Any CPU
		{2304343A-3D5B-4DB9-9B79-D8538499B802}.Release|Any CPU.Build.0 = Release|Any CPU
		{0C511AA1-CF22-4095-9A67-59FB0B8F5CAD}.Debug|Any CPU.ActiveCfg = Debug|Any CPU
		{0C511AA1-CF22-4095-9A67-59FB0B8F5CAD}.Debug|Any CPU.Build.0 = Debug|Any CPU
		{0C511AA1-CF22-4095-9A67-59FB0B8F5CAD}.Release|Any CPU.ActiveCfg = Release|Any CPU
		{0C511AA1-CF22-4095-9A67-59FB0B8F5CAD}.Release|Any CPU.Build.0 = Release|Any CPU
		{B66F6957-6C80-4FFE-93F1-6E7F882EFC3B}.Debug|Any CPU.ActiveCfg = Debug|Any CPU
		{B66F6957-6C80-4FFE-93F1-6E7F882EFC3B}.Debug|Any CPU.Build.0 = Debug|Any CPU
		{B66F6957-6C80-4FFE-93F1-6E7F882EFC3B}.Release|Any CPU.ActiveCfg = Release|Any CPU
		{B66F6957-6C80-4FFE-93F1-6E7F882EFC3B}.Release|Any CPU.Build.0 = Release|Any CPU
		{E13252D1-B2AE-4AC6-99AD-CFD1456C6616}.Debug|Any CPU.ActiveCfg = Debug|Any CPU
		{E13252D1-B2AE-4AC6-99AD-CFD1456C6616}.Debug|Any CPU.Build.0 = Debug|Any CPU
		{E13252D1-B2AE-4AC6-99AD-CFD1456C6616}.Release|Any CPU.ActiveCfg = Release|Any CPU
		{E13252D1-B2AE-4AC6-99AD-CFD1456C6616}.Release|Any CPU.Build.0 = Release|Any CPU
		{5D902039-86FE-45D9-B2B0-ACF5E6F90656}.Debug|Any CPU.ActiveCfg = Debug|Any CPU
		{5D902039-86FE-45D9-B2B0-ACF5E6F90656}.Debug|Any CPU.Build.0 = Debug|Any CPU
		{5D902039-86FE-45D9-B2B0-ACF5E6F90656}.Release|Any CPU.ActiveCfg = Release|Any CPU
		{5D902039-86FE-45D9-B2B0-ACF5E6F90656}.Release|Any CPU.Build.0 = Release|Any CPU
	EndGlobalSection
	GlobalSection(SolutionProperties) = preSolution
		HideSolutionNode = FALSE
	EndGlobalSection
EndGlobal
